{
  "name": "Timeclock",
  "version": "1.0.0",
  "lockfileVersion": 1,
  "requires": true,
  "dependencies": {
    "bootstrap": {
      "version": "3.3.7",
      "resolved": "https://registry.npmjs.org/bootstrap/-/bootstrap-3.3.7.tgz",
      "integrity": "sha1-WjiTlFSfIzMIdaOxUGVldPip63E=",
      "dev": true
    },
    "bootstrap-datepicker": {
      "version": "1.7.1",
      "resolved": "https://registry.npmjs.org/bootstrap-datepicker/-/bootstrap-datepicker-1.7.1.tgz",
      "integrity": "sha1-Tuf680iI2+x4NPv52+fEJ34B3a8=",
      "dev": true,
      "requires": {
        "jquery": "1.11.0"
      }
    },
    "jquery": {
      "version": "1.11.0",
      "resolved": "https://registry.npmjs.org/jquery/-/jquery-1.11.0.tgz",
      "integrity": "sha1-xnzu4ZtANlDWgq3POdXJAJgU2Uk=",
      "dev": true
    },
    "jquery-minicolors": {
      "version": "2.1.10",
      "resolved": "https://registry.npmjs.org/jquery-minicolors/-/jquery-minicolors-2.1.10.tgz",
      "integrity": "sha1-sp7qVB2aMrTiaSMWj7LBYnGGc3k=",
      "dev": true,
      "requires": {
        "jquery": "1.11.0"
      }
    },
    "knockout": {
      "version": "3.1.0",
      "resolved": "https://registry.npmjs.org/knockout/-/knockout-3.1.0.tgz",
      "integrity": "sha1-iWDs+vog4dV5W6379iVmk/F7e/U=",
      "dev": true
    },
    "spin": {
      "version": "0.0.1",
      "resolved": "https://registry.npmjs.org/spin/-/spin-0.0.1.tgz",
      "integrity": "sha1-JGt1ZGnGOx9i+RL5JbfrJJDjjMY=",
      "dev": true
    }
  }
}
